
Microsoft Visual Studio Solution File, Format Version 12.00
# Visual Studio 15
VisualStudioVersion = 15.0.27428.2037
MinimumVisualStudioVersion = 10.0.40219.1
Project("{9A19103F-16F7-4668-BE54-9A1E7A4F7556}") = "GBKingdom", "DodgeBall\GBKingdom.csproj", "{77DF2322-5919-42D8-B9BF-C988F83FCA01}"
EndProject
Global
	GlobalSection(SolutionConfigurationPlatforms) = preSolution
		Debug|Any CPU = Debug|Any CPU
		Release|Any CPU = Release|Any CPU
	EndGlobalSection
	GlobalSection(ProjectConfigurationPlatforms) = postSolution
		{77DF2322-5919-42D8-B9BF-C988F83FCA01}.Debug|Any CPU.ActiveCfg = Debug|Any CPU
		{77DF2322-5919-42D8-B9BF-C988F83FCA01}.Debug|Any CPU.Build.0 = Debug|Any CPU
		{77DF2322-5919-42D8-B9BF-C988F83FCA01}.Release|Any CPU.ActiveCfg = Release|Any CPU
		{77DF2322-5919-42D8-B9BF-C988F83FCA01}.Release|Any CPU.Build.0 = Release|Any CPU
	EndGlobalSection
	GlobalSection(SolutionProperties) = preSolution
		HideSolutionNode = FALSE
	EndGlobalSection
	GlobalSection(ExtensibilityGlobals) = postSolution
		SolutionGuid = {C3CEA680-6893-445A-90E0-93ED5A442D1D}
	EndGlobalSection
EndGlobal
